
Microsoft Visual Studio Solution File, Format Version 12.00
# Visual Studio Version 17
VisualStudioVersion = 17.2.32505.173
MinimumVisualStudioVersion = 10.0.40219.1
Project("{2150E333-8FDC-42A3-9474-1A3956D46DE8}") = "EAuction.Api", "EAuction.Api", "{01E39C36-C55C-4FFB-8CCC-219100CDDB96}"
EndProject
Project("{2150E333-8FDC-42A3-9474-1A3956D46DE8}") = "EAuction.Core", "EAuction.Core", "{ECF9834A-8DD7-461D-84F7-1F64EF35FC5D}"
EndProject
Project("{2150E333-8FDC-42A3-9474-1A3956D46DE8}") = "EAuction.Infrastructure", "EAuction.Infrastructure", "{6F4C6014-D119-44F1-855F-8FA56DE0F16E}"
EndProject
Project("{9A19103F-16F7-4668-BE54-9A1E7A4F7556}") = "EAuction.Common", "EAuction.Infrastructure\EAuction.Common\EAuction.Common.csproj", "{311A32D0-69BD-4E2C-AE6F-52697AAE7BF1}"
EndProject
Project("{9A19103F-16F7-4668-BE54-9A1E7A4F7556}") = "EAuction.Messaging", "EAuction.Infrastructure\EAuction.Messaging\EAuction.Messaging.csproj", "{E9C95B6A-19F2-4C1C-B79F-898CB2BE820D}"
EndProject
Project("{9A19103F-16F7-4668-BE54-9A1E7A4F7556}") = "EAuction.Persistence", "EAuction.Infrastructure\EAuction.Persistence\EAuction.Persistence.csproj", "{898A4466-94D4-419C-B3B4-A2C2B268E62B}"
EndProject
Project("{9A19103F-16F7-4668-BE54-9A1E7A4F7556}") = "EAuction.Workflow", "EAuction.Infrastructure\EAuction.Workflow\EAuction.Workflow.csproj", "{57DC68D2-F55C-4000-B248-5DDBDAD96123}"
EndProject
Project("{9A19103F-16F7-4668-BE54-9A1E7A4F7556}") = "BidListing.Core", "EAuction.Core\BidListing.Core\BidListing.Core.csproj", "{F791E0C4-A713-4CD3-A63A-1F73D6CCC1CB}"
EndProject
Project("{9A19103F-16F7-4668-BE54-9A1E7A4F7556}") = "EAuction.Core.Common", "EAuction.Core\EAuction.Core.Common\EAuction.Core.Common.csproj", "{8F39C21F-6704-4F8E-A5A1-D3A98F51B345}"
EndProject
Project("{9A19103F-16F7-4668-BE54-9A1E7A4F7556}") = "Buyer.Core", "EAuction.Core\Buyer.Core\Buyer.Core.csproj", "{90B24751-41F3-4B33-9742-DA491E7A9A31}"
EndProject
Project("{9A19103F-16F7-4668-BE54-9A1E7A4F7556}") = "Seller.Core", "EAuction.Core\Seller.Core\Seller.Core.csproj", "{E8254F30-E01D-4F4C-941B-AAEE03BA5B3F}"
EndProject
Project("{9A19103F-16F7-4668-BE54-9A1E7A4F7556}") = "Seller.API", "EAuction.API\Seller.API\Seller.API.csproj", "{FC753323-6F8D-411B-8CB7-94F797DC7DE3}"
EndProject
Project("{9A19103F-16F7-4668-BE54-9A1E7A4F7556}") = "Buyer.API", "EAuction.API\Buyer.API\Buyer.API.csproj", "{C86FC571-850D-4281-9768-E48E99BB1070}"
EndProject
Project("{FAE04EC0-301F-11D3-BF4B-00C04F79EFBC}") = "BidListing.API", "EAuction.API\BidListing.API\BidListing.API.csproj", "{D1DCF764-73C9-45DB-B503-D91BF0873CA9}"
EndProject
Global
	GlobalSection(SolutionConfigurationPlatforms) = preSolution
		Debug|Any CPU = Debug|Any CPU
		Release|Any CPU = Release|Any CPU
	EndGlobalSection
	GlobalSection(ProjectConfigurationPlatforms) = postSolution
		{311A32D0-69BD-4E2C-AE6F-52697AAE7BF1}.Debug|Any CPU.ActiveCfg = Debug|Any CPU
		{311A32D0-69BD-4E2C-AE6F-52697AAE7BF1}.Debug|Any CPU.Build.0 = Debug|Any CPU
		{311A32D0-69BD-4E2C-AE6F-52697AAE7BF1}.Release|Any CPU.ActiveCfg = Release|Any CPU
		{311A32D0-69BD-4E2C-AE6F-52697AAE7BF1}.Release|Any CPU.Build.0 = Release|Any CPU
		{E9C95B6A-19F2-4C1C-B79F-898CB2BE820D}.Debug|Any CPU.ActiveCfg = Debug|Any CPU
		{E9C95B6A-19F2-4C1C-B79F-898CB2BE820D}.Debug|Any CPU.Build.0 = Debug|Any CPU
		{E9C95B6A-19F2-4C1C-B79F-898CB2BE820D}.Release|Any CPU.ActiveCfg = Release|Any CPU
		{E9C95B6A-19F2-4C1C-B79F-898CB2BE820D}.Release|Any CPU.Build.0 = Release|Any CPU
		{898A4466-94D4-419C-B3B4-A2C2B268E62B}.Debug|Any CPU.ActiveCfg = Debug|Any CPU
		{898A4466-94D4-419C-B3B4-A2C2B268E62B}.Debug|Any CPU.Build.0 = Debug|Any CPU
		{898A4466-94D4-419C-B3B4-A2C2B268E62B}.Release|Any CPU.ActiveCfg = Release|Any CPU
		{898A4466-94D4-419C-B3B4-A2C2B268E62B}.Release|Any CPU.Build.0 = Release|Any CPU
		{57DC68D2-F55C-4000-B248-5DDBDAD96123}.Debug|Any CPU.ActiveCfg = Debug|Any CPU
		{57DC68D2-F55C-4000-B248-5DDBDAD96123}.Debug|Any CPU.Build.0 = Debug|Any CPU
		{57DC68D2-F55C-4000-B248-5DDBDAD96123}.Release|Any CPU.ActiveCfg = Release|Any CPU
		{57DC68D2-F55C-4000-B248-5DDBDAD96123}.Release|Any CPU.Build.0 = Release|Any CPU
		{F791E0C4-A713-4CD3-A63A-1F73D6CCC1CB}.Debug|Any CPU.ActiveCfg = Debug|Any CPU
		{F791E0C4-A713-4CD3-A63A-1F73D6CCC1CB}.Debug|Any CPU.Build.0 = Debug|Any CPU
		{F791E0C4-A713-4CD3-A63A-1F73D6CCC1CB}.Release|Any CPU.ActiveCfg = Release|Any CPU
		{F791E0C4-A713-4CD3-A63A-1F73D6CCC1CB}.Release|Any CPU.Build.0 = Release|Any CPU
		{8F39C21F-6704-4F8E-A5A1-D3A98F51B345}.Debug|Any CPU.ActiveCfg = Debug|Any CPU
		{8F39C21F-6704-4F8E-A5A1-D3A98F51B345}.Debug|Any CPU.Build.0 = Debug|Any CPU
		{8F39C21F-6704-4F8E-A5A1-D3A98F51B345}.Release|Any CPU.ActiveCfg = Release|Any CPU
		{8F39C21F-6704-4F8E-A5A1-D3A98F51B345}.Release|Any CPU.Build.0 = Release|Any CPU
		{90B24751-41F3-4B33-9742-DA491E7A9A31}.Debug|Any CPU.ActiveCfg = Debug|Any CPU
		{90B24751-41F3-4B33-9742-DA491E7A9A31}.Debug|Any CPU.Build.0 = Debug|Any CPU
		{90B24751-41F3-4B33-9742-DA491E7A9A31}.Release|Any CPU.ActiveCfg = Release|Any CPU
		{90B24751-41F3-4B33-9742-DA491E7A9A31}.Release|Any CPU.Build.0 = Release|Any CPU
		{E8254F30-E01D-4F4C-941B-AAEE03BA5B3F}.Debug|Any CPU.ActiveCfg = Debug|Any CPU
		{E8254F30-E01D-4F4C-941B-AAEE03BA5B3F}.Debug|Any CPU.Build.0 = Debug|Any CPU
		{E8254F30-E01D-4F4C-941B-AAEE03BA5B3F}.Release|Any CPU.ActiveCfg = Release|Any CPU
		{E8254F30-E01D-4F4C-941B-AAEE03BA5B3F}.Release|Any CPU.Build.0 = Release|Any CPU
		{FC753323-6F8D-411B-8CB7-94F797DC7DE3}.Debug|Any CPU.ActiveCfg = Debug|Any CPU
		{FC753323-6F8D-411B-8CB7-94F797DC7DE3}.Debug|Any CPU.Build.0 = Debug|Any CPU
		{FC753323-6F8D-411B-8CB7-94F797DC7DE3}.Release|Any CPU.ActiveCfg = Release|Any CPU
		{FC753323-6F8D-411B-8CB7-94F797DC7DE3}.Release|Any CPU.Build.0 = Release|Any CPU
		{C86FC571-850D-4281-9768-E48E99BB1070}.Debug|Any CPU.ActiveCfg = Debug|Any CPU
		{C86FC571-850D-4281-9768-E48E99BB1070}.Debug|Any CPU.Build.0 = Debug|Any CPU
		{C86FC571-850D-4281-9768-E48E99BB1070}.Release|Any CPU.ActiveCfg = Release|Any CPU
		{C86FC571-850D-4281-9768-E48E99BB1070}.Release|Any CPU.Build.0 = Release|Any CPU
		{D1DCF764-73C9-45DB-B503-D91BF0873CA9}.Debug|Any CPU.ActiveCfg = Debug|Any CPU
		{D1DCF764-73C9-45DB-B503-D91BF0873CA9}.Debug|Any CPU.Build.0 = Debug|Any CPU
		{D1DCF764-73C9-45DB-B503-D91BF0873CA9}.Release|Any CPU.ActiveCfg = Release|Any CPU
		{D1DCF764-73C9-45DB-B503-D91BF0873CA9}.Release|Any CPU.Build.0 = Release|Any CPU
	EndGlobalSection
	GlobalSection(SolutionProperties) = preSolution
		HideSolutionNode = FALSE
	EndGlobalSection
	GlobalSection(NestedProjects) = preSolution
		{311A32D0-69BD-4E2C-AE6F-52697AAE7BF1} = {6F4C6014-D119-44F1-855F-8FA56DE0F16E}
		{E9C95B6A-19F2-4C1C-B79F-898CB2BE820D} = {6F4C6014-D119-44F1-855F-8FA56DE0F16E}
		{898A4466-94D4-419C-B3B4-A2C2B268E62B} = {6F4C6014-D119-44F1-855F-8FA56DE0F16E}
		{57DC68D2-F55C-4000-B248-5DDBDAD96123} = {6F4C6014-D119-44F1-855F-8FA56DE0F16E}
		{F791E0C4-A713-4CD3-A63A-1F73D6CCC1CB} = {ECF9834A-8DD7-461D-84F7-1F64EF35FC5D}
		{8F39C21F-6704-4F8E-A5A1-D3A98F51B345} = {ECF9834A-8DD7-461D-84F7-1F64EF35FC5D}
		{90B24751-41F3-4B33-9742-DA491E7A9A31} = {ECF9834A-8DD7-461D-84F7-1F64EF35FC5D}
		{E8254F30-E01D-4F4C-941B-AAEE03BA5B3F} = {ECF9834A-8DD7-461D-84F7-1F64EF35FC5D}
		{FC753323-6F8D-411B-8CB7-94F797DC7DE3} = {01E39C36-C55C-4FFB-8CCC-219100CDDB96}
		{C86FC571-850D-4281-9768-E48E99BB1070} = {01E39C36-C55C-4FFB-8CCC-219100CDDB96}
		{D1DCF764-73C9-45DB-B503-D91BF0873CA9} = {01E39C36-C55C-4FFB-8CCC-219100CDDB96}
	EndGlobalSection
	GlobalSection(ExtensibilityGlobals) = postSolution
		SolutionGuid = {34611693-4DC4-4779-B205-8EA753316491}
	EndGlobalSection
EndGlobal
